
Microsoft Visual Studio Solution File, Format Version 12.00
# Visual Studio Version 17
VisualStudioVersion = 17.5.33627.172
MinimumVisualStudioVersion = 10.0.40219.1
Project("{FAE04EC0-301F-11D3-BF4B-00C04F79EFBC}") = "Vinos1", "Viinos1\Vinos1.csproj", "{7E282404-1C4B-4CAD-8D54-3CB3D459FDC3}"
EndProject
Global
	GlobalSection(SolutionConfigurationPlatforms) = preSolution
		Debug|Any CPU = Debug|Any CPU
		Release|Any CPU = Release|Any CPU
	EndGlobalSection
	GlobalSection(ProjectConfigurationPlatforms) = postSolution
		{7E282404-1C4B-4CAD-8D54-3CB3D459FDC3}.Debug|Any CPU.ActiveCfg = Debug|Any CPU
		{7E282404-1C4B-4CAD-8D54-3CB3D459FDC3}.Debug|Any CPU.Build.0 = Debug|Any CPU
		{7E282404-1C4B-4CAD-8D54-3CB3D459FDC3}.Release|Any CPU.ActiveCfg = Release|Any CPU
		{7E282404-1C4B-4CAD-8D54-3CB3D459FDC3}.Release|Any CPU.Build.0 = Release|Any CPU
	EndGlobalSection
	GlobalSection(SolutionProperties) = preSolution
		HideSolutionNode = FALSE
	EndGlobalSection
	GlobalSection(ExtensibilityGlobals) = postSolution
		SolutionGuid = {694A2143-F777-4433-9C79-C4B440D9183B}
	EndGlobalSection
EndGlobal
